
Microsoft Visual Studio Solution File, Format Version 12.00
# Visual Studio Version 16
VisualStudioVersion = 16.0.31129.286
MinimumVisualStudioVersion = 10.0.40219.1
Project("{8BC9CEB8-8B4A-11D0-8D11-00A0C91BC942}") = "TeamPlayer", "TeamPlayer.vcxproj", "{E673043F-3E5B-42A6-BC6E-ACE3649DB6E9}"
EndProject
Global
	GlobalSection(SolutionConfigurationPlatforms) = preSolution
		Debug|x64 = Debug|x64
		Debug|x86 = Debug|x86
		Release|x64 = Release|x64
		Release|x86 = Release|x86
	EndGlobalSection
	GlobalSection(ProjectConfigurationPlatforms) = postSolution
		{E673043F-3E5B-42A6-BC6E-ACE3649DB6E9}.Debug|x64.ActiveCfg = Debug|x64
		{E673043F-3E5B-42A6-BC6E-ACE3649DB6E9}.Debug|x64.Build.0 = Debug|x64
		{E673043F-3E5B-42A6-BC6E-ACE3649DB6E9}.Debug|x86.ActiveCfg = Debug|Win32
		{E673043F-3E5B-42A6-BC6E-ACE3649DB6E9}.Debug|x86.Build.0 = Debug|Win32
		{E673043F-3E5B-42A6-BC6E-ACE3649DB6E9}.Release|x64.ActiveCfg = Release|x64
		{E673043F-3E5B-42A6-BC6E-ACE3649DB6E9}.Release|x64.Build.0 = Release|x64
		{E673043F-3E5B-42A6-BC6E-ACE3649DB6E9}.Release|x86.ActiveCfg = Release|Win32
		{E673043F-3E5B-42A6-BC6E-ACE3649DB6E9}.Release|x86.Build.0 = Release|Win32
	EndGlobalSection
	GlobalSection(SolutionProperties) = preSolution
		HideSolutionNode = FALSE
	EndGlobalSection
	GlobalSection(ExtensibilityGlobals) = postSolution
		SolutionGuid = {80EC0150-8E15-4282-BCC9-565A25B23CFB}
	EndGlobalSection
EndGlobal
