
Microsoft Visual Studio Solution File, Format Version 12.00
# Visual Studio Version 16
VisualStudioVersion = 16.0.31402.337
MinimumVisualStudioVersion = 10.0.40219.1
Project("{8BC9CEB8-8B4A-11D0-8D11-00A0C91BC942}") = "count", "count.vcxproj", "{A0BDA692-1FB8-4220-8F18-51B8F4F494B6}"
EndProject
Global
	GlobalSection(SolutionConfigurationPlatforms) = preSolution
		Debug|x64 = Debug|x64
		Debug|x86 = Debug|x86
		Release|x64 = Release|x64
		Release|x86 = Release|x86
	EndGlobalSection
	GlobalSection(ProjectConfigurationPlatforms) = postSolution
		{A0BDA692-1FB8-4220-8F18-51B8F4F494B6}.Debug|x64.ActiveCfg = Debug|x64
		{A0BDA692-1FB8-4220-8F18-51B8F4F494B6}.Debug|x64.Build.0 = Debug|x64
		{A0BDA692-1FB8-4220-8F18-51B8F4F494B6}.Debug|x86.ActiveCfg = Debug|Win32
		{A0BDA692-1FB8-4220-8F18-51B8F4F494B6}.Debug|x86.Build.0 = Debug|Win32
		{A0BDA692-1FB8-4220-8F18-51B8F4F494B6}.Release|x64.ActiveCfg = Release|x64
		{A0BDA692-1FB8-4220-8F18-51B8F4F494B6}.Release|x64.Build.0 = Release|x64
		{A0BDA692-1FB8-4220-8F18-51B8F4F494B6}.Release|x86.ActiveCfg = Release|Win32
		{A0BDA692-1FB8-4220-8F18-51B8F4F494B6}.Release|x86.Build.0 = Release|Win32
	EndGlobalSection
	GlobalSection(SolutionProperties) = preSolution
		HideSolutionNode = FALSE
	EndGlobalSection
	GlobalSection(ExtensibilityGlobals) = postSolution
		SolutionGuid = {C09FE621-6293-4233-8019-A3DE25AB9CB5}
	EndGlobalSection
EndGlobal
